
Microsoft Visual Studio Solution File, Format Version 12.00
# Visual Studio Version 17
VisualStudioVersion = 17.9.34714.143
MinimumVisualStudioVersion = 10.0.40219.1
Project("{FAE04EC0-301F-11D3-BF4B-00C04F79EFBC}") = "TransitCapacityMultiplier", "TransitCapacityMultiplier\TransitCapacityMultiplier.csproj", "{7686E63C-20F9-4294-9DAC-8042D76D67C9}"
EndProject
Global
	GlobalSection(SolutionConfigurationPlatforms) = preSolution
		Debug|Any CPU = Debug|Any CPU
		Release|Any CPU = Release|Any CPU
	EndGlobalSection
	GlobalSection(ProjectConfigurationPlatforms) = postSolution
		{7686E63C-20F9-4294-9DAC-8042D76D67C9}.Debug|Any CPU.ActiveCfg = Debug|Any CPU
		{7686E63C-20F9-4294-9DAC-8042D76D67C9}.Debug|Any CPU.Build.0 = Debug|Any CPU
		{7686E63C-20F9-4294-9DAC-8042D76D67C9}.Release|Any CPU.ActiveCfg = Release|Any CPU
		{7686E63C-20F9-4294-9DAC-8042D76D67C9}.Release|Any CPU.Build.0 = Release|Any CPU
	EndGlobalSection
	GlobalSection(SolutionProperties) = preSolution
		HideSolutionNode = FALSE
	EndGlobalSection
	GlobalSection(ExtensibilityGlobals) = postSolution
		SolutionGuid = {E2A5FFC0-4A67-4074-96B0-6510A4476F9D}
	EndGlobalSection
EndGlobal
